
Microsoft Visual Studio Solution File, Format Version 12.00
Project("{FAE04EC0-301F-11D3-BF4B-00C04F79EFBC}") = "NTT", "NTT.csproj", "{269E57CD-34FC-447B-9BB1-4C48659EBE49}"
EndProject
Global
	GlobalSection(SolutionConfigurationPlatforms) = preSolution
		Debug|Any CPU = Debug|Any CPU
		Release|Any CPU = Release|Any CPU
	EndGlobalSection
	GlobalSection(ProjectConfigurationPlatforms) = postSolution
		{269E57CD-34FC-447B-9BB1-4C48659EBE49}.Debug|Any CPU.ActiveCfg = Debug|Any CPU
		{269E57CD-34FC-447B-9BB1-4C48659EBE49}.Debug|Any CPU.Build.0 = Debug|Any CPU
		{269E57CD-34FC-447B-9BB1-4C48659EBE49}.Release|Any CPU.ActiveCfg = Release|Any CPU
		{269E57CD-34FC-447B-9BB1-4C48659EBE49}.Release|Any CPU.Build.0 = Release|Any CPU
	EndGlobalSection
EndGlobal
